// !$*UTF8*$!
{
	archiveVersion = 1;
	classes = {
	};
	objectVersion = 51;
	objects = {

/* Begin PBXBuildFile section */
		2EFB432C6F3348E0F16A37FA /* Pods_NewsSearch.framework in Frameworks */ = {isa = PBXBuildFile; fileRef = BA425E9FB24C5C3E4EA4CF05 /* Pods_NewsSearch.framework */; };
		E84C252D249A8D2300C1E716 /* ArticleViewController.swift in Sources */ = {isa = PBXBuildFile; fileRef = E84C252C249A8D2300C1E716 /* ArticleViewController.swift */; };
		E84C252F249A8D2D00C1E716 /* ArticlePresenter.swift in Sources */ = {isa = PBXBuildFile; fileRef = E84C252E249A8D2D00C1E716 /* ArticlePresenter.swift */; };
		E84C2531249A8D3500C1E716 /* ArticleMvpView.swift in Sources */ = {isa = PBXBuildFile; fileRef = E84C2530249A8D3500C1E716 /* ArticleMvpView.swift */; };
		E84C2535249A909600C1E716 /* BasePresenter.swift in Sources */ = {isa = PBXBuildFile; fileRef = E84C2534249A909600C1E716 /* BasePresenter.swift */; };
		E84C2538249A95B900C1E716 /* Article.swift in Sources */ = {isa = PBXBuildFile; fileRef = E84C2537249A95B900C1E716 /* Article.swift */; };
		E89ABB79249A7FD600F96E5B /* AppDelegate.swift in Sources */ = {isa = PBXBuildFile; fileRef = E89ABB78249A7FD600F96E5B /* AppDelegate.swift */; };
		E89ABB7B249A7FD600F96E5B /* SceneDelegate.swift in Sources */ = {isa = PBXBuildFile; fileRef = E89ABB7A249A7FD600F96E5B /* SceneDelegate.swift */; };
		E89ABB80249A7FD600F96E5B /* Main.storyboard in Resources */ = {isa = PBXBuildFile; fileRef = E89ABB7E249A7FD600F96E5B /* Main.storyboard */; };
		E89ABB82249A7FD900F96E5B /* Assets.xcassets in Resources */ = {isa = PBXBuildFile; fileRef = E89ABB81249A7FD900F96E5B /* Assets.xcassets */; };
		E89ABB85249A7FD900F96E5B /* LaunchScreen.storyboard in Resources */ = {isa = PBXBuildFile; fileRef = E89ABB83249A7FD900F96E5B /* LaunchScreen.storyboard */; };
		E89ABB8D249A806A00F96E5B /* NewsListViewController.swift in Sources */ = {isa = PBXBuildFile; fileRef = E89ABB8C249A806A00F96E5B /* NewsListViewController.swift */; };
		E89ABB91249A81F800F96E5B /* NewsTableViewCell.swift in Sources */ = {isa = PBXBuildFile; fileRef = E89ABB8F249A81F800F96E5B /* NewsTableViewCell.swift */; };
		E89ABB92249A81F800F96E5B /* NewsTableViewCell.xib in Resources */ = {isa = PBXBuildFile; fileRef = E89ABB90249A81F800F96E5B /* NewsTableViewCell.xib */; };
		E89ABB95249A845500F96E5B /* SF-Pro-Text-Medium.otf in Resources */ = {isa = PBXBuildFile; fileRef = E89ABB94249A845500F96E5B /* SF-Pro-Text-Medium.otf */; };
		E89ABB97249A846800F96E5B /* SFProDisplay-Bold.ttf in Resources */ = {isa = PBXBuildFile; fileRef = E89ABB96249A846800F96E5B /* SFProDisplay-Bold.ttf */; };
		E89ABB99249A856100F96E5B /* NewsListPresenter.swift in Sources */ = {isa = PBXBuildFile; fileRef = E89ABB98249A856100F96E5B /* NewsListPresenter.swift */; };
		E89ABB9B249A856F00F96E5B /* NewsListMvpView.swift in Sources */ = {isa = PBXBuildFile; fileRef = E89ABB9A249A856F00F96E5B /* NewsListMvpView.swift */; };
		E89ABB9D249A872400F96E5B /* NetworkMethods.swift in Sources */ = {isa = PBXBuildFile; fileRef = E89ABB9C249A872400F96E5B /* NetworkMethods.swift */; };
		E8BDA6D5249BCF840039F678 /* Alerts.swift in Sources */ = {isa = PBXBuildFile; fileRef = E8BDA6D4249BCF840039F678 /* Alerts.swift */; };
/* End PBXBuildFile section */

/* Begin PBXFileReference section */
		34FC2D3B60F0C8D403AAA4B1 /* Pods-NewsSearch.release.xcconfig */ = {isa = PBXFileReference; includeInIndex = 1; lastKnownFileType = text.xcconfig; name = "Pods-NewsSearch.release.xcconfig"; path = "Target Support Files/Pods-NewsSearch/Pods-NewsSearch.release.xcconfig"; sourceTree = "<group>"; };
		BA425E9FB24C5C3E4EA4CF05 /* Pods_NewsSearch.framework */ = {isa = PBXFileReference; explicitFileType = wrapper.framework; includeInIndex = 0; path = Pods_NewsSearch.framework; sourceTree = BUILT_PRODUCTS_DIR; };
		CB5F8FFAB371272D741C74D5 /* Pods-NewsSearch.debug.xcconfig */ = {isa = PBXFileReference; includeInIndex = 1; lastKnownFileType = text.xcconfig; name = "Pods-NewsSearch.debug.xcconfig"; path = "Target Support Files/Pods-NewsSearch/Pods-NewsSearch.debug.xcconfig"; sourceTree = "<group>"; };
		E84C252C249A8D2300C1E716 /* ArticleViewController.swift */ = {isa = PBXFileReference; lastKnownFileType = sourcecode.swift; path = ArticleViewController.swift; sourceTree = "<group>"; };
		E84C252E249A8D2D00C1E716 /* ArticlePresenter.swift */ = {isa = PBXFileReference; lastKnownFileType = sourcecode.swift; path = ArticlePresenter.swift; sourceTree = "<group>"; };
		E84C2530249A8D3500C1E716 /* ArticleMvpView.swift */ = {isa = PBXFileReference; lastKnownFileType = sourcecode.swift; path = ArticleMvpView.swift; sourceTree = "<group>"; };
		E84C2534249A909600C1E716 /* BasePresenter.swift */ = {isa = PBXFileReference; lastKnownFileType = sourcecode.swift; path = BasePresenter.swift; sourceTree = "<group>"; };
		E84C2537249A95B900C1E716 /* Article.swift */ = {isa = PBXFileReference; lastKnownFileType = sourcecode.swift; path = Article.swift; sourceTree = "<group>"; };
		E89ABB75249A7FD600F96E5B /* NewsSearch.app */ = {isa = PBXFileReference; explicitFileType = wrapper.application; includeInIndex = 0; path = NewsSearch.app; sourceTree = BUILT_PRODUCTS_DIR; };
		E89ABB78249A7FD600F96E5B /* AppDelegate.swift */ = {isa = PBXFileReference; lastKnownFileType = sourcecode.swift; path = AppDelegate.swift; sourceTree = "<group>"; };
		E89ABB7A249A7FD600F96E5B /* SceneDelegate.swift */ = {isa = PBXFileReference; lastKnownFileType = sourcecode.swift; path = SceneDelegate.swift; sourceTree = "<group>"; };
		E89ABB7F249A7FD600F96E5B /* Base */ = {isa = PBXFileReference; lastKnownFileType = file.storyboard; name = Base; path = Base.lproj/Main.storyboard; sourceTree = "<group>"; };
		E89ABB81249A7FD900F96E5B /* Assets.xcassets */ = {isa = PBXFileReference; lastKnownFileType = folder.assetcatalog; path = Assets.xcassets; sourceTree = "<group>"; };
		E89ABB84249A7FD900F96E5B /* Base */ = {isa = PBXFileReference; lastKnownFileType = file.storyboard; name = Base; path = Base.lproj/LaunchScreen.storyboard; sourceTree = "<group>"; };
		E89ABB86249A7FD900F96E5B /* Info.plist */ = {isa = PBXFileReference; lastKnownFileType = text.plist.xml; path = Info.plist; sourceTree = "<group>"; };
		E89ABB8C249A806A00F96E5B /* NewsListViewController.swift */ = {isa = PBXFileReference; lastKnownFileType = sourcecode.swift; path = NewsListViewController.swift; sourceTree = "<group>"; };
		E89ABB8F249A81F800F96E5B /* NewsTableViewCell.swift */ = {isa = PBXFileReference; lastKnownFileType = sourcecode.swift; path = NewsTableViewCell.swift; sourceTree = "<group>"; };
		E89ABB90249A81F800F96E5B /* NewsTableViewCell.xib */ = {isa = PBXFileReference; lastKnownFileType = file.xib; path = NewsTableViewCell.xib; sourceTree = "<group>"; };
		E89ABB94249A845500F96E5B /* SF-Pro-Text-Medium.otf */ = {isa = PBXFileReference; lastKnownFileType = file; path = "SF-Pro-Text-Medium.otf"; sourceTree = "<group>"; };
		E89ABB96249A846800F96E5B /* SFProDisplay-Bold.ttf */ = {isa = PBXFileReference; lastKnownFileType = file; path = "SFProDisplay-Bold.ttf"; sourceTree = "<group>"; };
		E89ABB98249A856100F96E5B /* NewsListPresenter.swift */ = {isa = PBXFileReference; lastKnownFileType = sourcecode.swift; path = NewsListPresenter.swift; sourceTree = "<group>"; };
		E89ABB9A249A856F00F96E5B /* NewsListMvpView.swift */ = {isa = PBXFileReference; lastKnownFileType = sourcecode.swift; path = NewsListMvpView.swift; sourceTree = "<group>"; };
		E89ABB9C249A872400F96E5B /* NetworkMethods.swift */ = {isa = PBXFileReference; lastKnownFileType = sourcecode.swift; path = NetworkMethods.swift; sourceTree = "<group>"; };
		E8BDA6D4249BCF840039F678 /* Alerts.swift */ = {isa = PBXFileReference; lastKnownFileType = sourcecode.swift; path = Alerts.swift; sourceTree = "<group>"; };
/* End PBXFileReference section */

/* Begin PBXFrameworksBuildPhase section */
		E89ABB72249A7FD600F96E5B /* Frameworks */ = {
			isa = PBXFrameworksBuildPhase;
			buildActionMask = 2147483647;
			files = (
				2EFB432C6F3348E0F16A37FA /* Pods_NewsSearch.framework in Frameworks */,
			);
			runOnlyForDeploymentPostprocessing = 0;
		};
/* End PBXFrameworksBuildPhase section */

/* Begin PBXGroup section */
		80D85EEA3CECDAEE2A838F83 /* Pods */ = {
			isa = PBXGroup;
			children = (
				CB5F8FFAB371272D741C74D5 /* Pods-NewsSearch.debug.xcconfig */,
				34FC2D3B60F0C8D403AAA4B1 /* Pods-NewsSearch.release.xcconfig */,
			);
			path = Pods;
			sourceTree = "<group>";
		};
		E84C252B249A8A9100C1E716 /* NewsListScreen */ = {
			isa = PBXGroup;
			children = (
				E89ABB8C249A806A00F96E5B /* NewsListViewController.swift */,
				E89ABB98249A856100F96E5B /* NewsListPresenter.swift */,
				E89ABB9A249A856F00F96E5B /* NewsListMvpView.swift */,
			);
			path = NewsListScreen;
			sourceTree = "<group>";
		};
		E84C2532249A8FA600C1E716 /* ArticleScreen */ = {
			isa = PBXGroup;
			children = (
				E84C252C249A8D2300C1E716 /* ArticleViewController.swift */,
				E84C252E249A8D2D00C1E716 /* ArticlePresenter.swift */,
				E84C2530249A8D3500C1E716 /* ArticleMvpView.swift */,
				E89ABB8E249A81DD00F96E5B /* NewsTableViewCell */,
			);
			path = ArticleScreen;
			sourceTree = "<group>";
		};
		E84C2533249A8FC100C1E716 /* Screens */ = {
			isa = PBXGroup;
			children = (
				E84C252B249A8A9100C1E716 /* NewsListScreen */,
				E84C2532249A8FA600C1E716 /* ArticleScreen */,
				E84C2534249A909600C1E716 /* BasePresenter.swift */,
				E8BDA6D4249BCF840039F678 /* Alerts.swift */,
			);
			path = Screens;
			sourceTree = "<group>";
		};
		E84C2536249A95A800C1E716 /* Network */ = {
			isa = PBXGroup;
			children = (
				E89ABB9C249A872400F96E5B /* NetworkMethods.swift */,
				E84C2537249A95B900C1E716 /* Article.swift */,
			);
			path = Network;
			sourceTree = "<group>";
		};
		E89ABB6C249A7FD500F96E5B = {
			isa = PBXGroup;
			children = (
				E89ABB77249A7FD600F96E5B /* NewsSearch */,
				E89ABB76249A7FD600F96E5B /* Products */,
				80D85EEA3CECDAEE2A838F83 /* Pods */,
				FAF5A9AEA46404001BF30493 /* Frameworks */,
			);
			sourceTree = "<group>";
		};
		E89ABB76249A7FD600F96E5B /* Products */ = {
			isa = PBXGroup;
			children = (
				E89ABB75249A7FD600F96E5B /* NewsSearch.app */,
			);
			name = Products;
			sourceTree = "<group>";
		};
		E89ABB77249A7FD600F96E5B /* NewsSearch */ = {
			isa = PBXGroup;
			children = (
				E89ABB78249A7FD600F96E5B /* AppDelegate.swift */,
				E89ABB7A249A7FD600F96E5B /* SceneDelegate.swift */,
				E84C2536249A95A800C1E716 /* Network */,
				E84C2533249A8FC100C1E716 /* Screens */,
				E89ABB7E249A7FD600F96E5B /* Main.storyboard */,
				E89ABB81249A7FD900F96E5B /* Assets.xcassets */,
				E89ABB93249A844400F96E5B /* Fonts */,
				E89ABB83249A7FD900F96E5B /* LaunchScreen.storyboard */,
				E89ABB86249A7FD900F96E5B /* Info.plist */,
			);
			path = NewsSearch;
			sourceTree = "<group>";
		};
		E89ABB8E249A81DD00F96E5B /* NewsTableViewCell */ = {
			isa = PBXGroup;
			children = (
				E89ABB8F249A81F800F96E5B /* NewsTableViewCell.swift */,
				E89ABB90249A81F800F96E5B /* NewsTableViewCell.xib */,
			);
			path = NewsTableViewCell;
			sourceTree = "<group>";
		};
		E89ABB93249A844400F96E5B /* Fonts */ = {
			isa = PBXGroup;
			children = (
				E89ABB94249A845500F96E5B /* SF-Pro-Text-Medium.otf */,
				E89ABB96249A846800F96E5B /* SFProDisplay-Bold.ttf */,
			);
			path = Fonts;
			sourceTree = "<group>";
		};
		FAF5A9AEA46404001BF30493 /* Frameworks */ = {
			isa = PBXGroup;
			children = (
				BA425E9FB24C5C3E4EA4CF05 /* Pods_NewsSearch.framework */,
			);
			name = Frameworks;
			sourceTree = "<group>";
		};
/* End PBXGroup section */

/* Begin PBXNativeTarget section */
		E89ABB74249A7FD600F96E5B /* NewsSearch */ = {
			isa = PBXNativeTarget;
			buildConfigurationList = E89ABB89249A7FD900F96E5B /* Build configuration list for PBXNativeTarget "NewsSearch" */;
			buildPhases = (
				F54E452399AA88BA177E3169 /* [CP] Check Pods Manifest.lock */,
				E89ABB71249A7FD600F96E5B /* Sources */,
				E89ABB72249A7FD600F96E5B /* Frameworks */,
				E89ABB73249A7FD600F96E5B /* Resources */,
				CCC4462C13436F9F838178E8 /* [CP] Embed Pods Frameworks */,
			);
			buildRules = (
			);
			dependencies = (
			);
			name = NewsSearch;
			productName = NewsSearch;
			productReference = E89ABB75249A7FD600F96E5B /* NewsSearch.app */;
			productType = "com.apple.product-type.application";
		};
/* End PBXNativeTarget section */

/* Begin PBXProject section */
		E89ABB6D249A7FD500F96E5B /* Project object */ = {
			isa = PBXProject;
			attributes = {
				LastSwiftUpdateCheck = 1150;
				LastUpgradeCheck = 1150;
				ORGANIZATIONNAME = "****** ******";
				TargetAttributes = {
					E89ABB74249A7FD600F96E5B = {
						CreatedOnToolsVersion = 11.5;
					};
				};
			};
			buildConfigurationList = E89ABB70249A7FD600F96E5B /* Build configuration list for PBXProject "NewsSearch" */;
			compatibilityVersion = "Xcode 9.3";
			developmentRegion = en;
			hasScannedForEncodings = 0;
			knownRegions = (
				en,
				Base,
			);
			mainGroup = E89ABB6C249A7FD500F96E5B;
			productRefGroup = E89ABB76249A7FD600F96E5B /* Products */;
			projectDirPath = "";
			projectRoot = "";
			targets = (
				E89ABB74249A7FD600F96E5B /* NewsSearch */,
			);
		};
/* End PBXProject section */

/* Begin PBXResourcesBuildPhase section */
		E89ABB73249A7FD600F96E5B /* Resources */ = {
			isa = PBXResourcesBuildPhase;
			buildActionMask = 2147483647;
			files = (
				E89ABB85249A7FD900F96E5B /* LaunchScreen.storyboard in Resources */,
				E89ABB82249A7FD900F96E5B /* Assets.xcassets in Resources */,
				E89ABB92249A81F800F96E5B /* NewsTableViewCell.xib in Resources */,
				E89ABB97249A846800F96E5B /* SFProDisplay-Bold.ttf in Resources */,
				E89ABB95249A845500F96E5B /* SF-Pro-Text-Medium.otf in Resources */,
				E89ABB80249A7FD600F96E5B /* Main.storyboard in Resources */,
			);
			runOnlyForDeploymentPostprocessing = 0;
		};
/* End PBXResourcesBuildPhase section */

/* Begin PBXShellScriptBuildPhase section */
		CCC4462C13436F9F838178E8 /* [CP] Embed Pods Frameworks */ = {
			isa = PBXShellScriptBuildPhase;
			buildActionMask = 2147483647;
			files = (
			);
			inputFileListPaths = (
				"${PODS_ROOT}/Target Support Files/Pods-NewsSearch/Pods-NewsSearch-frameworks-${CONFIGURATION}-input-files.xcfilelist",
			);
			name = "[CP] Embed Pods Frameworks";
			outputFileListPaths = (
				"${PODS_ROOT}/Target Support Files/Pods-NewsSearch/Pods-NewsSearch-frameworks-${CONFIGURATION}-output-files.xcfilelist",
			);
			runOnlyForDeploymentPostprocessing = 0;
			shellPath = /bin/sh;
			shellScript = "\"${PODS_ROOT}/Target Support Files/Pods-NewsSearch/Pods-NewsSearch-frameworks.sh\"\n";
			showEnvVarsInLog = 0;
		};
		F54E452399AA88BA177E3169 /* [CP] Check Pods Manifest.lock */ = {
			isa = PBXShellScriptBuildPhase;
			buildActionMask = 2147483647;
			files = (
			);
			inputFileListPaths = (
			);
			inputPaths = (
				"${PODS_PODFILE_DIR_PATH}/Podfile.lock",
				"${PODS_ROOT}/Manifest.lock",
			);
			name = "[CP] Check Pods Manifest.lock";
			outputFileListPaths = (
			);
			outputPaths = (
				"$(DERIVED_FILE_DIR)/Pods-NewsSearch-checkManifestLockResult.txt",
			);
			runOnlyForDeploymentPostprocessing = 0;
			shellPath = /bin/sh;
			shellScript = "diff \"${PODS_PODFILE_DIR_PATH}/Podfile.lock\" \"${PODS_ROOT}/Manifest.lock\" > /dev/null\nif [ $? != 0 ] ; then\n    # print error to STDERR\n    echo \"error: The sandbox is not in sync with the Podfile.lock. Run 'pod install' or update your CocoaPods installation.\" >&2\n    exit 1\nfi\n# This output is used by Xcode 'outputs' to avoid re-running this script phase.\necho \"SUCCESS\" > \"${SCRIPT_OUTPUT_FILE_0}\"\n";
			showEnvVarsInLog = 0;
		};
/* End PBXShellScriptBuildPhase section */

/* Begin PBXSourcesBuildPhase section */
		E89ABB71249A7FD600F96E5B /* Sources */ = {
			isa = PBXSourcesBuildPhase;
			buildActionMask = 2147483647;
			files = (
				E89ABB8D249A806A00F96E5B /* NewsListViewController.swift in Sources */,
				E84C252D249A8D2300C1E716 /* ArticleViewController.swift in Sources */,
				E89ABB99249A856100F96E5B /* NewsListPresenter.swift in Sources */,
				E89ABB79249A7FD600F96E5B /* AppDelegate.swift in Sources */,
				E89ABB9B249A856F00F96E5B /* NewsListMvpView.swift in Sources */,
				E89ABB91249A81F800F96E5B /* NewsTableViewCell.swift in Sources */,
				E84C252F249A8D2D00C1E716 /* ArticlePresenter.swift in Sources */,
				E89ABB9D249A872400F96E5B /* NetworkMethods.swift in Sources */,
				E8BDA6D5249BCF840039F678 /* Alerts.swift in Sources */,
				E84C2538249A95B900C1E716 /* Article.swift in Sources */,
				E89ABB7B249A7FD600F96E5B /* SceneDelegate.swift in Sources */,
				E84C2531249A8D3500C1E716 /* ArticleMvpView.swift in Sources */,
				E84C2535249A909600C1E716 /* BasePresenter.swift in Sources */,
			);
			runOnlyForDeploymentPostprocessing = 0;
		};
/* End PBXSourcesBuildPhase section */

/* Begin PBXVariantGroup section */
		E89ABB7E249A7FD600F96E5B /* Main.storyboard */ = {
			isa = PBXVariantGroup;
			children = (
				E89ABB7F249A7FD600F96E5B /* Base */,
			);
			name = Main.storyboard;
			sourceTree = "<group>";
		};
		E89ABB83249A7FD900F96E5B /* LaunchScreen.storyboard */ = {
			isa = PBXVariantGroup;
			children = (
				E89ABB84249A7FD900F96E5B /* Base */,
			);
			name = LaunchScreen.storyboard;
			sourceTree = "<group>";
		};
/* End PBXVariantGroup section */

/* Begin XCBuildConfiguration section */
		E89ABB87249A7FD900F96E5B /* Debug */ = {
			isa = XCBuildConfiguration;
			buildSettings = {
				ALWAYS_SEARCH_USER_PATHS = NO;
				CLANG_ANALYZER_NONNULL = YES;
				CLANG_ANALYZER_NUMBER_OBJECT_CONVERSION = YES_AGGRESSIVE;
				CLANG_CXX_LANGUAGE_STANDARD = "gnu++14";
				CLANG_CXX_LIBRARY = "libc++";
				CLANG_ENABLE_MODULES = YES;
				CLANG_ENABLE_OBJC_ARC = YES;
				CLANG_ENABLE_OBJC_WEAK = YES;
				CLANG_WARN_BLOCK_CAPTURE_AUTORELEASING = YES;
				CLANG_WARN_BOOL_CONVERSION = YES;
				CLANG_WARN_COMMA = YES;
				CLANG_WARN_CONSTANT_CONVERSION = YES;
				CLANG_WARN_DEPRECATED_OBJC_IMPLEMENTATIONS = YES;
				CLANG_WARN_DIRECT_OBJC_ISA_USAGE = YES_ERROR;
				CLANG_WARN_DOCUMENTATION_COMMENTS = YES;
				CLANG_WARN_EMPTY_BODY = YES;
				CLANG_WARN_ENUM_CONVERSION = YES;
				CLANG_WARN_INFINITE_RECURSION = YES;
				CLANG_WARN_INT_CONVERSION = YES;
				CLANG_WARN_NON_LITERAL_NULL_CONVERSION = YES;
				CLANG_WARN_OBJC_IMPLICIT_RETAIN_SELF = YES;
				CLANG_WARN_OBJC_LITERAL_CONVERSION = YES;
				CLANG_WARN_OBJC_ROOT_CLASS = YES_ERROR;
				CLANG_WARN_RANGE_LOOP_ANALYSIS = YES;
				CLANG_WARN_STRICT_PROTOTYPES = YES;
				CLANG_WARN_SUSPICIOUS_MOVE = YES;
				CLANG_WARN_UNGUARDED_AVAILABILITY = YES_AGGRESSIVE;
				CLANG_WARN_UNREACHABLE_CODE = YES;
				CLANG_WARN__DUPLICATE_METHOD_MATCH = YES;
				COPY_PHASE_STRIP = NO;
				DEBUG_INFORMATION_FORMAT = dwarf;
				ENABLE_STRICT_OBJC_MSGSEND = YES;
				ENABLE_TESTABILITY = YES;
				GCC_C_LANGUAGE_STANDARD = gnu11;
				GCC_DYNAMIC_NO_PIC = NO;
				GCC_NO_COMMON_BLOCKS = YES;
				GCC_OPTIMIZATION_LEVEL = 0;
				GCC_PREPROCESSOR_DEFINITIONS = (
					"DEBUG=1",
					"$(inherited)",
				);
				GCC_WARN_64_TO_32_BIT_CONVERSION = YES;
				GCC_WARN_ABOUT_RETURN_TYPE = YES_ERROR;
				GCC_WARN_UNDECLARED_SELECTOR = YES;
				GCC_WARN_UNINITIALIZED_AUTOS = YES_AGGRESSIVE;
				GCC_WARN_UNUSED_FUNCTION = YES;
				GCC_WARN_UNUSED_VARIABLE = YES;
				IPHONEOS_DEPLOYMENT_TARGET = 13.5;
				MTL_ENABLE_DEBUG_INFO = INCLUDE_SOURCE;
				MTL_FAST_MATH = YES;
				ONLY_ACTIVE_ARCH = YES;
				SDKROOT = iphoneos;
				SWIFT_ACTIVE_COMPILATION_CONDITIONS = DEBUG;
				SWIFT_OPTIMIZATION_LEVEL = "-Onone";
			};
			name = Debug;
		};
		E89ABB88249A7FD900F96E5B /* Release */ = {
			isa = XCBuildConfiguration;
			buildSettings = {
				ALWAYS_SEARCH_USER_PATHS = NO;
				CLANG_ANALYZER_NONNULL = YES;
				CLANG_ANALYZER_NUMBER_OBJECT_CONVERSION = YES_AGGRESSIVE;
				CLANG_CXX_LANGUAGE_STANDARD = "gnu++14";
				CLANG_CXX_LIBRARY = "libc++";
				CLANG_ENABLE_MODULES = YES;
				CLANG_ENABLE_OBJC_ARC = YES;
				CLANG_ENABLE_OBJC_WEAK = YES;
				CLANG_WARN_BLOCK_CAPTURE_AUTORELEASING = YES;
				CLANG_WARN_BOOL_CONVERSION = YES;
				CLANG_WARN_COMMA = YES;
				CLANG_WARN_CONSTANT_CONVERSION = YES;
				CLANG_WARN_DEPRECATED_OBJC_IMPLEMENTATIONS = YES;
				CLANG_WARN_DIRECT_OBJC_ISA_USAGE = YES_ERROR;
				CLANG_WARN_DOCUMENTATION_COMMENTS = YES;
				CLANG_WARN_EMPTY_BODY = YES;
				CLANG_WARN_ENUM_CONVERSION = YES;
				CLANG_WARN_INFINITE_RECURSION = YES;
				CLANG_WARN_INT_CONVERSION = YES;
				CLANG_WARN_NON_LITERAL_NULL_CONVERSION = YES;
				CLANG_WARN_OBJC_IMPLICIT_RETAIN_SELF = YES;
				CLANG_WARN_OBJC_LITERAL_CONVERSION = YES;
				CLANG_WARN_OBJC_ROOT_CLASS = YES_ERROR;
				CLANG_WARN_RANGE_LOOP_ANALYSIS = YES;
				CLANG_WARN_STRICT_PROTOTYPES = YES;
				CLANG_WARN_SUSPICIOUS_MOVE = YES;
				CLANG_WARN_UNGUARDED_AVAILABILITY = YES_AGGRESSIVE;
				CLANG_WARN_UNREACHABLE_CODE = YES;
				CLANG_WARN__DUPLICATE_METHOD_MATCH = YES;
				COPY_PHASE_STRIP = NO;
				DEBUG_INFORMATION_FORMAT = "dwarf-with-dsym";
				ENABLE_NS_ASSERTIONS = NO;
				ENABLE_STRICT_OBJC_MSGSEND = YES;
				GCC_C_LANGUAGE_STANDARD = gnu11;
				GCC_NO_COMMON_BLOCKS = YES;
				GCC_WARN_64_TO_32_BIT_CONVERSION = YES;
				GCC_WARN_ABOUT_RETURN_TYPE = YES_ERROR;
				GCC_WARN_UNDECLARED_SELECTOR = YES;
				GCC_WARN_UNINITIALIZED_AUTOS = YES_AGGRESSIVE;
				GCC_WARN_UNUSED_FUNCTION = YES;
				GCC_WARN_UNUSED_VARIABLE = YES;
				IPHONEOS_DEPLOYMENT_TARGET = 13.5;
				MTL_ENABLE_DEBUG_INFO = NO;
				MTL_FAST_MATH = YES;
				SDKROOT = iphoneos;
				SWIFT_COMPILATION_MODE = wholemodule;
				SWIFT_OPTIMIZATION_LEVEL = "-O";
				VALIDATE_PRODUCT = YES;
			};
			name = Release;
		};
		E89ABB8A249A7FD900F96E5B /* Debug */ = {
			isa = XCBuildConfiguration;
			baseConfigurationReference = CB5F8FFAB371272D741C74D5 /* Pods-NewsSearch.debug.xcconfig */;
			buildSettings = {
				ASSETCATALOG_COMPILER_APPICON_NAME = AppIcon;
				CODE_SIGN_STYLE = Automatic;
				DEVELOPMENT_TEAM = 349M29QB78;
				INFOPLIST_FILE = NewsSearch/Info.plist;
				IPHONEOS_DEPLOYMENT_TARGET = 11.0;
				LD_RUNPATH_SEARCH_PATHS = (
					"$(inherited)",
					"@executable_path/Frameworks",
				);
				PRODUCT_BUNDLE_IDENTIFIER = None.NewsSearch;
				PRODUCT_NAME = "$(TARGET_NAME)";
				SWIFT_VERSION = 5.0;
				TARGETED_DEVICE_FAMILY = 1;
			};
			name = Debug;
		};
		E89ABB8B249A7FD900F96E5B /* Release */ = {
			isa = XCBuildConfiguration;
			baseConfigurationReference = 34FC2D3B60F0C8D403AAA4B1 /* Pods-NewsSearch.release.xcconfig */;
			buildSettings = {
				ASSETCATALOG_COMPILER_APPICON_NAME = AppIcon;
				CODE_SIGN_STYLE = Automatic;
				DEVELOPMENT_TEAM = 349M29QB78;
				INFOPLIST_FILE = NewsSearch/Info.plist;
				IPHONEOS_DEPLOYMENT_TARGET = 11.0;
				LD_RUNPATH_SEARCH_PATHS = (
					"$(inherited)",
					"@executable_path/Frameworks",
				);
				PRODUCT_BUNDLE_IDENTIFIER = None.NewsSearch;
				PRODUCT_NAME = "$(TARGET_NAME)";
				SWIFT_VERSION = 5.0;
				TARGETED_DEVICE_FAMILY = 1;
			};
			name = Release;
		};
/* End XCBuildConfiguration section */

/* Begin XCConfigurationList section */
		E89ABB70249A7FD600F96E5B /* Build configuration list for PBXProject "NewsSearch" */ = {
			isa = XCConfigurationList;
			buildConfigurations = (
				E89ABB87249A7FD900F96E5B /* Debug */,
				E89ABB88249A7FD900F96E5B /* Release */,
			);
			defaultConfigurationIsVisible = 0;
			defaultConfigurationName = Release;
		};
		E89ABB89249A7FD900F96E5B /* Build configuration list for PBXNativeTarget "NewsSearch" */ = {
			isa = XCConfigurationList;
			buildConfigurations = (
				E89ABB8A249A7FD900F96E5B /* Debug */,
				E89ABB8B249A7FD900F96E5B /* Release */,
			);
			defaultConfigurationIsVisible = 0;
			defaultConfigurationName = Release;
		};
/* End XCConfigurationList section */
	};
	rootObject = E89ABB6D249A7FD500F96E5B /* Project object */;
}
